{
  "nodes": {
    "crane": {
      "inputs": {
        "flake-compat": "flake-compat",
        "flake-utils": "flake-utils",
        "nixpkgs": [
          "nixpkgs-f2k",
          "nixpkgs"
        ],
        "rust-overlay": "rust-overlay"
      },
      "locked": {
        "lastModified": 1686186025,
        "narHash": "sha256-SuQjKsO1G87qM5j8VNtq6kIw4ILYE03Y8yL/FoKwR+4=",
        "owner": "ipetkov",
        "repo": "crane",
        "rev": "057d95721ee67d421391dda7031977d247ddec28",
        "type": "github"
      },
      "original": {
        "owner": "ipetkov",
        "repo": "crane",
        "type": "github"
      }
    },
    "emacs": {
      "inputs": {
        "flake-utils": "flake-utils_2",
        "nixpkgs": "nixpkgs_3",
        "nixpkgs-stable": "nixpkgs-stable"
      },
      "locked": {
        "lastModified": 1686450211,
        "narHash": "sha256-tqKkmcn6eCLm56yj/oVSYEBpAYOgDda4d0rrld6irxA=",
        "owner": "nix-community",
        "repo": "emacs-overlay",
        "rev": "9a46e36799e5ba7459ab45df12966e436cdc5194",
        "type": "github"
      },
      "original": {
        "owner": "nix-community",
        "repo": "emacs-overlay",
        "type": "github"
      }
    },
    "fenix": {
      "inputs": {
        "nixpkgs": [
          "nixpkgs-f2k",
          "nixpkgs-fmt",
          "nixpkgs"
        ],
        "rust-analyzer-src": "rust-analyzer-src"
      },
      "locked": {
        "lastModified": 1637475807,
        "narHash": "sha256-E3nzOvlzZXwyo8Stp5upKsTCDcqUTYAFj4EC060A31c=",
        "owner": "nix-community",
        "repo": "fenix",
        "rev": "960e7fef45692a4fffc6df6d6b613b0399bbdfd5",
        "type": "github"
      },
      "original": {
        "owner": "nix-community",
        "repo": "fenix",
        "type": "github"
      }
    },
    "flake-compat": {
      "flake": false,
      "locked": {
        "lastModified": 1673956053,
        "narHash": "sha256-4gtG9iQuiKITOjNQQeQIpoIB6b16fm+504Ch3sNKLd8=",
        "owner": "edolstra",
        "repo": "flake-compat",
        "rev": "35bb57c0c8d8b62bbfd284272c928ceb64ddbde9",
        "type": "github"
      },
      "original": {
        "owner": "edolstra",
        "repo": "flake-compat",
        "type": "github"
      }
    },
    "flake-parts": {
      "inputs": {
        "nixpkgs-lib": "nixpkgs-lib"
      },
      "locked": {
        "lastModified": 1675933616,
        "narHash": "sha256-/rczJkJHtx16IFxMmAWu5nNYcSXNg1YYXTHoGjLrLUA=",
        "owner": "hercules-ci",
        "repo": "flake-parts",
        "rev": "47478a4a003e745402acf63be7f9a092d51b83d7",
        "type": "github"
      },
      "original": {
        "owner": "hercules-ci",
        "repo": "flake-parts",
        "type": "github"
      }
    },
    "flake-utils": {
      "inputs": {
        "systems": "systems"
      },
      "locked": {
        "lastModified": 1685518550,
        "narHash": "sha256-o2d0KcvaXzTrPRIo0kOLV0/QXHhDQ5DTi+OxcjO8xqY=",
        "owner": "numtide",
        "repo": "flake-utils",
        "rev": "a1720a10a6cfe8234c0e93907ffe81be440f4cef",
        "type": "github"
      },
      "original": {
        "owner": "numtide",
        "repo": "flake-utils",
        "type": "github"
      }
    },
    "flake-utils_2": {
      "inputs": {
        "systems": "systems_2"
      },
      "locked": {
        "lastModified": 1685518550,
        "narHash": "sha256-o2d0KcvaXzTrPRIo0kOLV0/QXHhDQ5DTi+OxcjO8xqY=",
        "owner": "numtide",
        "repo": "flake-utils",
        "rev": "a1720a10a6cfe8234c0e93907ffe81be440f4cef",
        "type": "github"
      },
      "original": {
        "owner": "numtide",
        "repo": "flake-utils",
        "type": "github"
      }
    },
    "flake-utils_3": {
      "locked": {
        "lastModified": 1637014545,
        "narHash": "sha256-26IZAc5yzlD9FlDT54io1oqG/bBoyka+FJk5guaX4x4=",
        "owner": "numtide",
        "repo": "flake-utils",
        "rev": "bba5dcc8e0b20ab664967ad83d24d64cb64ec4f4",
        "type": "github"
      },
      "original": {
        "owner": "numtide",
        "repo": "flake-utils",
        "type": "github"
      }
    },
    "home-manager": {
      "inputs": {
        "nixpkgs": [
          "nixpkgs"
        ]
      },
      "locked": {
        "lastModified": 1685599623,
        "narHash": "sha256-Tob4CMOVHue0D3RzguDBCtUmX5ji2PsdbQDbIOIKvsc=",
        "owner": "nix-community",
        "repo": "home-manager",
        "rev": "93db05480c0c0f30382d3e80779e8386dcb4f9dd",
        "type": "github"
      },
      "original": {
        "owner": "nix-community",
        "ref": "release-23.05",
        "repo": "home-manager",
        "type": "github"
      }
    },
    "nix-gaming": {
      "inputs": {
        "flake-parts": "flake-parts",
        "nixpkgs": "nixpkgs"
      },
      "locked": {
        "lastModified": 1686359369,
        "narHash": "sha256-5DteQzUxt8zKtWB6Q1XAcZCFw0/sbIqKNw5us5gYOgM=",
        "owner": "fufexan",
        "repo": "nix-gaming",
        "rev": "53197a0586d8da109593930ab611f94c4ab8f8b0",
        "type": "github"
      },
      "original": {
        "owner": "fufexan",
        "repo": "nix-gaming",
        "type": "github"
      }
    },
    "nixpkgs": {
      "locked": {
        "lastModified": 1681753173,
        "narHash": "sha256-MrGmzZWLUqh2VstoikKLFFIELXm/lsf/G9U9zR96VD4=",
        "owner": "NixOS",
        "repo": "nixpkgs",
        "rev": "0a4206a51b386e5cda731e8ac78d76ad924c7125",
        "type": "github"
      },
      "original": {
        "owner": "NixOS",
        "ref": "nixpkgs-unstable",
        "repo": "nixpkgs",
        "type": "github"
      }
    },
    "nixpkgs-f2k": {
      "inputs": {
        "crane": "crane",
        "emacs": "emacs",
        "nixpkgs": "nixpkgs_4",
        "nixpkgs-fmt": "nixpkgs-fmt"
      },
      "locked": {
        "lastModified": 1686452711,
        "narHash": "sha256-9nMTVyYPfQM87z10z1lH3cjLHw7lqKlK/zzWloPZ00E=",
        "owner": "fortuneteller2k",
        "repo": "nixpkgs-f2k",
        "rev": "aac1f60217d7de7213e6f25eb311dd18c8b91ecc",
        "type": "github"
      },
      "original": {
        "owner": "fortuneteller2k",
        "repo": "nixpkgs-f2k",
        "type": "github"
      }
    },
    "nixpkgs-fmt": {
      "inputs": {
        "fenix": "fenix",
        "flake-utils": "flake-utils_3",
        "nixpkgs": [
          "nixpkgs-f2k",
          "nixpkgs"
        ]
      },
      "locked": {
        "lastModified": 1678089153,
        "narHash": "sha256-Kr6EDc4RZuUHUu4rP+gh4CQSMH35RDJJ9600vAPZVzo=",
        "owner": "nix-community",
        "repo": "nixpkgs-fmt",
        "rev": "398c5226d3402ec075d36c504a4575c40d01cf0c",
        "type": "github"
      },
      "original": {
        "owner": "nix-community",
        "repo": "nixpkgs-fmt",
        "type": "github"
      }
    },
    "nixpkgs-lib": {
      "locked": {
        "dir": "lib",
        "lastModified": 1675183161,
        "narHash": "sha256-Zq8sNgAxDckpn7tJo7V1afRSk2eoVbu3OjI1QklGLNg=",
        "owner": "NixOS",
        "repo": "nixpkgs",
        "rev": "e1e1b192c1a5aab2960bf0a0bd53a2e8124fa18e",
        "type": "github"
      },
      "original": {
        "dir": "lib",
        "owner": "NixOS",
        "ref": "nixos-unstable",
        "repo": "nixpkgs",
        "type": "github"
      }
    },
    "nixpkgs-stable": {
      "locked": {
        "lastModified": 1686331006,
        "narHash": "sha256-hElRDWUNG655aqF0awu+h5cmDN+I/dQcChRt2tGuGGU=",
        "owner": "NixOS",
        "repo": "nixpkgs",
        "rev": "85bcb95aa83be667e562e781e9d186c57a07d757",
        "type": "github"
      },
      "original": {
        "owner": "NixOS",
        "ref": "nixos-23.05",
        "repo": "nixpkgs",
        "type": "github"
      }
    },
    "nixpkgs_2": {
      "locked": {
        "lastModified": 1686331006,
        "narHash": "sha256-hElRDWUNG655aqF0awu+h5cmDN+I/dQcChRt2tGuGGU=",
        "owner": "nixos",
        "repo": "nixpkgs",
        "rev": "85bcb95aa83be667e562e781e9d186c57a07d757",
        "type": "github"
      },
      "original": {
        "owner": "nixos",
        "ref": "nixos-23.05",
        "repo": "nixpkgs",
        "type": "github"
      }
    },
    "nixpkgs_3": {
      "locked": {
        "lastModified": 1686412476,
        "narHash": "sha256-inl9SVk6o5h75XKC79qrDCAobTD1Jxh6kVYTZKHzewA=",
        "owner": "NixOS",
        "repo": "nixpkgs",
        "rev": "21951114383770f96ae528d0ae68824557768e81",
        "type": "github"
      },
      "original": {
        "owner": "NixOS",
        "ref": "nixos-unstable",
        "repo": "nixpkgs",
        "type": "github"
      }
    },
    "nixpkgs_4": {
      "locked": {
        "lastModified": 1686450826,
        "narHash": "sha256-76jlEo9T85o47x0HeI/nzf6ttQ59RM+rnPwCNsmHfHY=",
        "owner": "NixOS",
        "repo": "nixpkgs",
        "rev": "d2d8d623b4dbebed56da1a0ae5e94da2c67a4627",
        "type": "github"
      },
      "original": {
        "owner": "NixOS",
        "ref": "master",
        "repo": "nixpkgs",
        "type": "github"
      }
    },
    "root": {
      "inputs": {
        "home-manager": "home-manager",
        "nix-gaming": "nix-gaming",
        "nixpkgs": "nixpkgs_2",
        "nixpkgs-f2k": "nixpkgs-f2k",
        "unstable": "unstable"
      }
    },
    "rust-analyzer-src": {
      "flake": false,
      "locked": {
        "lastModified": 1637439871,
        "narHash": "sha256-2awQ/obzl7zqYgLwbQL0zT58gN8Xq7n+81GcMiS595I=",
        "owner": "rust-analyzer",
        "repo": "rust-analyzer",
        "rev": "4566414789310acb2617543f4b50beab4bb48e06",
        "type": "github"
      },
      "original": {
        "owner": "rust-analyzer",
        "ref": "nightly",
        "repo": "rust-analyzer",
        "type": "github"
      }
    },
    "rust-overlay": {
      "inputs": {
        "flake-utils": [
          "nixpkgs-f2k",
          "crane",
          "flake-utils"
        ],
        "nixpkgs": [
          "nixpkgs-f2k",
          "crane",
          "nixpkgs"
        ]
      },
      "locked": {
        "lastModified": 1685759304,
        "narHash": "sha256-I3YBH6MS3G5kGzNuc1G0f9uYfTcNY9NYoRc3QsykLk4=",
        "owner": "oxalica",
        "repo": "rust-overlay",
        "rev": "c535b4f3327910c96dcf21851bbdd074d0760290",
        "type": "github"
      },
      "original": {
        "owner": "oxalica",
        "repo": "rust-overlay",
        "type": "github"
      }
    },
    "systems": {
      "locked": {
        "lastModified": 1681028828,
        "narHash": "sha256-Vy1rq5AaRuLzOxct8nz4T6wlgyUR7zLU309k9mBC768=",
        "owner": "nix-systems",
        "repo": "default",
        "rev": "da67096a3b9bf56a91d16901293e51ba5b49a27e",
        "type": "github"
      },
      "original": {
        "owner": "nix-systems",
        "repo": "default",
        "type": "github"
      }
    },
    "systems_2": {
      "locked": {
        "lastModified": 1681028828,
        "narHash": "sha256-Vy1rq5AaRuLzOxct8nz4T6wlgyUR7zLU309k9mBC768=",
        "owner": "nix-systems",
        "repo": "default",
        "rev": "da67096a3b9bf56a91d16901293e51ba5b49a27e",
        "type": "github"
      },
      "original": {
        "owner": "nix-systems",
        "repo": "default",
        "type": "github"
      }
    },
    "unstable": {
      "locked": {
        "lastModified": 1686398752,
        "narHash": "sha256-nGWNQVhSw4VSL+S0D0cbrNR9vs9Bq7rlYR+1K5f5j6w=",
        "owner": "nixos",
        "repo": "nixpkgs",
        "rev": "a30520bf8eabf8a5c37889d661e67a2dbcaa59e6",
        "type": "github"
      },
      "original": {
        "owner": "nixos",
        "ref": "nixpkgs-unstable",
        "repo": "nixpkgs",
        "type": "github"
      }
    }
  },
  "root": "root",
  "version": 7
}
